{
    "version": 3,
    "terraform_version": "0.11.10",
    "serial": 7,
    "lineage": "1d563d0c-c4dc-c9ae-9540-bf653baa8c71",
    "modules": [
        {
            "path": [
                "root"
            ],
            "outputs": {},
            "resources": {
                "google_compute_instance.default": {
                    "type": "google_compute_instance",
                    "depends_on": [],
                    "primary": {
                        "id": "jenkins",
                        "attributes": {
                            "attached_disk.#": "0",
                            "boot_disk.#": "1",
                            "boot_disk.0.auto_delete": "true",
                            "boot_disk.0.device_name": "persistent-disk-0",
                            "boot_disk.0.disk_encryption_key_raw": "",
                            "boot_disk.0.disk_encryption_key_sha256": "",
                            "boot_disk.0.initialize_params.#": "1",
                            "boot_disk.0.initialize_params.0.image": "https://www.googleapis.com/compute/v1/projects/centos-cloud/global/images/centos-7-v20181011",
                            "boot_disk.0.initialize_params.0.size": "10",
                            "boot_disk.0.initialize_params.0.type": "pd-standard",
                            "boot_disk.0.source": "https://www.googleapis.com/compute/v1/projects/qaconsulting-220718/zones/europe-west2-c/disks/jenkins",
                            "can_ip_forward": "false",
                            "cpu_platform": "Intel Broadwell",
                            "create_timeout": "4",
                            "deletion_protection": "false",
                            "guest_accelerator.#": "0",
                            "id": "jenkins",
                            "instance_id": "7684031991855050574",
                            "label_fingerprint": "42WmSpB8rSM=",
                            "labels.%": "0",
                            "machine_type": "n1-standard-1",
                            "metadata.%": "1",
                            "metadata.sshKeys": "terraform:ssh-rsa AAAAB3NzaC1yc2EAAAADAQABAAACAQDRPTCjADVUOcnml+eFdLbLWy+qtvBLpFrAnF1S9k9PM6WDlkK2pZC0vqEdubOg0vJ+Dumx42X6lj8nh7xS9rnQ/Da1elHI9lHQWU81PIa4up2RUq+Tta69Au0xQCzvXzp06OXGEwb+XEGEYVp//RMHbTlrarJc+Jp4LxdjUBJmNCJC1YYkkw39XXJUFAV+JaDjy53FRYBLeofhyliJLLVScAFxxkPv5hMHxU3pWmCy5GZkLch/xRy6Y0Bz/UOtrlLJI3eWICxv7lnRNsyhUbEvCtVPop+bcqc4j8S/11zUPAZFF0Tzf9S53ptZBnVgQk9OLsbw6EfQONS9mkPIldUFHGY3aWxOIo437019An0fR6gA7DmBWVGt7/jt4Mo8koGeGcQZU4B8KxOdN+LH3X0yGIV0bo6FZuFrJBjOC2YFoncl1tRbhVgrEIj8XpeBdF+t6oRjHIIH51qbmdjQ6uGL6ApdNKFxnUThXzeKWk/VzX/H+MFMm9XM/u199DxwAC4EcUjfdTpUWFnPv+g1+9533bSsVss2fsJwcSbdyK+EQP2qK4wvZWoccLQ09LXc+OmdshUl6yYl5RTk6cHNpt/Zs8uDxQF8QJcnKC2oclajKwDjT5PxHVbHh4XrLEBsf38bjyDIbDIhiG9+ljRel+4kIoocVBvtm5WbXq5GoQpyyw== sohaibnawaz@Sohaibs-MacBook-Pro.local\n",
                            "metadata_fingerprint": "IK8eurw6VJA=",
                            "metadata_startup_script": "",
                            "min_cpu_platform": "",
                            "name": "jenkins",
                            "network_interface.#": "1",
                            "network_interface.0.access_config.#": "1",
                            "network_interface.0.access_config.0.assigned_nat_ip": "35.242.141.225",
                            "network_interface.0.access_config.0.nat_ip": "35.242.141.225",
                            "network_interface.0.access_config.0.network_tier": "PREMIUM",
                            "network_interface.0.access_config.0.public_ptr_domain_name": "",
                            "network_interface.0.address": "10.154.0.2",
                            "network_interface.0.alias_ip_range.#": "0",
                            "network_interface.0.name": "nic0",
                            "network_interface.0.network": "https://www.googleapis.com/compute/v1/projects/qaconsulting-220718/global/networks/default",
                            "network_interface.0.network_ip": "10.154.0.2",
                            "network_interface.0.subnetwork": "https://www.googleapis.com/compute/v1/projects/qaconsulting-220718/regions/europe-west2/subnetworks/default",
                            "network_interface.0.subnetwork_project": "qaconsulting-220718",
                            "project": "qaconsulting-220718",
                            "scheduling.#": "1",
                            "scheduling.0.automatic_restart": "false",
                            "scheduling.0.on_host_maintenance": "MIGRATE",
                            "scheduling.0.preemptible": "false",
                            "scratch_disk.#": "0",
                            "self_link": "https://www.googleapis.com/compute/v1/projects/qaconsulting-220718/zones/europe-west2-c/instances/jenkins",
                            "service_account.#": "0",
                            "tags.#": "1",
                            "tags.1438809362": "jenkins",
                            "tags_fingerprint": "4l7--0t2PzY=",
                            "zone": "europe-west2-c"
                        },
                        "meta": {
                            "e2bfb730-ecaa-11e6-8f88-34363bc7c4c0": {
                                "create": 360000000000,
                                "delete": 360000000000,
                                "update": 360000000000
                            },
                            "schema_version": "6"
                        },
                        "tainted": false
                    },
                    "deposed": [],
                    "provider": "provider.google"
                }
            },
            "depends_on": []
        }
    ]
}
